// !$*UTF8*$!
{
	archiveVersion = 1;
	classes = {
	};
	objectVersion = 50;
	objects = {

/* Begin PBXBuildFile section */
		AE35CB08236BD9F5008E33F3 /* SearchTableViewController.swift in Sources */ = {isa = PBXBuildFile; fileRef = AE35CB07236BD9F5008E33F3 /* SearchTableViewController.swift */; };
		AE35CB0A236BE45C008E33F3 /* SearchTableViewCell.swift in Sources */ = {isa = PBXBuildFile; fileRef = AE35CB09236BE45C008E33F3 /* SearchTableViewCell.swift */; };
		AE366E2E23695E3500B39B99 /* Course.swift in Sources */ = {isa = PBXBuildFile; fileRef = AE366E2D23695E3500B39B99 /* Course.swift */; };
		AE366E3023695E6700B39B99 /* CourseViewModel.swift in Sources */ = {isa = PBXBuildFile; fileRef = AE366E2F23695E6700B39B99 /* CourseViewModel.swift */; };
		AE366E322369A64800B39B99 /* HTTPURLResponse+statusMessage.swift in Sources */ = {isa = PBXBuildFile; fileRef = AE366E312369A64800B39B99 /* HTTPURLResponse+statusMessage.swift */; };
		AE366E342369BB7400B39B99 /* GeneralError.swift in Sources */ = {isa = PBXBuildFile; fileRef = AE366E332369BB7400B39B99 /* GeneralError.swift */; };
		AE366E362369BED300B39B99 /* CourseDetailsViewController.swift in Sources */ = {isa = PBXBuildFile; fileRef = AE366E352369BED300B39B99 /* CourseDetailsViewController.swift */; };
		AE64E18E2369CEF500F15FCE /* PaddedLabel.swift in Sources */ = {isa = PBXBuildFile; fileRef = AE64E18D2369CEF500F15FCE /* PaddedLabel.swift */; };
		AE8B211A2367F48000411C6A /* AppDelegate.swift in Sources */ = {isa = PBXBuildFile; fileRef = AE8B21192367F48000411C6A /* AppDelegate.swift */; };
		AE8B211C2367F48000411C6A /* SceneDelegate.swift in Sources */ = {isa = PBXBuildFile; fileRef = AE8B211B2367F48000411C6A /* SceneDelegate.swift */; };
		AE8B211E2367F48000411C6A /* TimeTableViewController.swift in Sources */ = {isa = PBXBuildFile; fileRef = AE8B211D2367F48000411C6A /* TimeTableViewController.swift */; };
		AE8B21212367F48000411C6A /* Main.storyboard in Resources */ = {isa = PBXBuildFile; fileRef = AE8B211F2367F48000411C6A /* Main.storyboard */; };
		AE8B21232367F48D00411C6A /* Assets.xcassets in Resources */ = {isa = PBXBuildFile; fileRef = AE8B21222367F48D00411C6A /* Assets.xcassets */; };
		AE8B21262367F48D00411C6A /* LaunchScreen.storyboard in Resources */ = {isa = PBXBuildFile; fileRef = AE8B21242367F48D00411C6A /* LaunchScreen.storyboard */; };
		AE8B21332368561100411C6A /* Default-568h@2x.png in Resources */ = {isa = PBXBuildFile; fileRef = AE8B21322368561100411C6A /* Default-568h@2x.png */; };
		AEA7011B236EA675008580EC /* CalendarHeaderBlockView.xib in Resources */ = {isa = PBXBuildFile; fileRef = AEA7011A236EA675008580EC /* CalendarHeaderBlockView.xib */; };
		AEA7011D236EA6B7008580EC /* CalendarHeaderBlockView.swift in Sources */ = {isa = PBXBuildFile; fileRef = AEA7011C236EA6B7008580EC /* CalendarHeaderBlockView.swift */; };
		AEA7011F236EA907008580EC /* CalendarHeaderBlockViewModel.swift in Sources */ = {isa = PBXBuildFile; fileRef = AEA7011E236EA907008580EC /* CalendarHeaderBlockViewModel.swift */; };
		AEA70121236EB45E008580EC /* DisplayDate.swift in Sources */ = {isa = PBXBuildFile; fileRef = AEA70120236EB45E008580EC /* DisplayDate.swift */; };
		AEB3F003236D2ADE0011D8D3 /* PropertyKeys.swift in Sources */ = {isa = PBXBuildFile; fileRef = AEB3F002236D2ADE0011D8D3 /* PropertyKeys.swift */; };
		AEB3F005236D2E7D0011D8D3 /* URLRequest+initUsingAPI.swift in Sources */ = {isa = PBXBuildFile; fileRef = AEB3F004236D2E7D0011D8D3 /* URLRequest+initUsingAPI.swift */; };
		AEB3F007236D327D0011D8D3 /* NetworkRequest.swift in Sources */ = {isa = PBXBuildFile; fileRef = AEB3F006236D327D0011D8D3 /* NetworkRequest.swift */; };
		AEB3F009236D38DC0011D8D3 /* TimeTable.swift in Sources */ = {isa = PBXBuildFile; fileRef = AEB3F008236D38DC0011D8D3 /* TimeTable.swift */; };
		AEB3F00B236D66420011D8D3 /* MemoViewController.swift in Sources */ = {isa = PBXBuildFile; fileRef = AEB3F00A236D66420011D8D3 /* MemoViewController.swift */; };
		AEB3F00D236D701A0011D8D3 /* Memo.swift in Sources */ = {isa = PBXBuildFile; fileRef = AEB3F00C236D701A0011D8D3 /* Memo.swift */; };
		AEB3F00F236D748D0011D8D3 /* Date+fromString.swift in Sources */ = {isa = PBXBuildFile; fileRef = AEB3F00E236D748D0011D8D3 /* Date+fromString.swift */; };
		AEB3F011236D96C00011D8D3 /* APIDataFetcher.swift in Sources */ = {isa = PBXBuildFile; fileRef = AEB3F010236D96C00011D8D3 /* APIDataFetcher.swift */; };
		AEB3F01B236DE7F50011D8D3 /* WeeklyCalendar.swift in Sources */ = {isa = PBXBuildFile; fileRef = AEB3F01A236DE7F50011D8D3 /* WeeklyCalendar.swift */; };
		AEB3F01D236E54540011D8D3 /* UIColor+systemAppearanceBackground.swift in Sources */ = {isa = PBXBuildFile; fileRef = AEB3F01C236E54540011D8D3 /* UIColor+systemAppearanceBackground.swift */; };
		AEB3F020236E5DE60011D8D3 /* CalendarBlockView.xib in Resources */ = {isa = PBXBuildFile; fileRef = AEB3F01F236E5DE60011D8D3 /* CalendarBlockView.xib */; };
		AEB3F024236E5ED50011D8D3 /* CalendarBlockView.swift in Sources */ = {isa = PBXBuildFile; fileRef = AEB3F023236E5ED50011D8D3 /* CalendarBlockView.swift */; };
/* End PBXBuildFile section */

/* Begin PBXFileReference section */
		AE35CB07236BD9F5008E33F3 /* SearchTableViewController.swift */ = {isa = PBXFileReference; lastKnownFileType = sourcecode.swift; path = SearchTableViewController.swift; sourceTree = "<group>"; };
		AE35CB09236BE45C008E33F3 /* SearchTableViewCell.swift */ = {isa = PBXFileReference; lastKnownFileType = sourcecode.swift; path = SearchTableViewCell.swift; sourceTree = "<group>"; };
		AE35CB0D236BFA21008E33F3 /* README.md */ = {isa = PBXFileReference; lastKnownFileType = net.daringfireball.markdown; path = README.md; sourceTree = "<group>"; };
		AE366E2D23695E3500B39B99 /* Course.swift */ = {isa = PBXFileReference; lastKnownFileType = sourcecode.swift; path = Course.swift; sourceTree = "<group>"; };
		AE366E2F23695E6700B39B99 /* CourseViewModel.swift */ = {isa = PBXFileReference; lastKnownFileType = sourcecode.swift; path = CourseViewModel.swift; sourceTree = "<group>"; };
		AE366E312369A64800B39B99 /* HTTPURLResponse+statusMessage.swift */ = {isa = PBXFileReference; lastKnownFileType = sourcecode.swift; path = "HTTPURLResponse+statusMessage.swift"; sourceTree = "<group>"; };
		AE366E332369BB7400B39B99 /* GeneralError.swift */ = {isa = PBXFileReference; lastKnownFileType = sourcecode.swift; path = GeneralError.swift; sourceTree = "<group>"; };
		AE366E352369BED300B39B99 /* CourseDetailsViewController.swift */ = {isa = PBXFileReference; lastKnownFileType = sourcecode.swift; path = CourseDetailsViewController.swift; sourceTree = "<group>"; };
		AE64E18D2369CEF500F15FCE /* PaddedLabel.swift */ = {isa = PBXFileReference; lastKnownFileType = sourcecode.swift; path = PaddedLabel.swift; sourceTree = "<group>"; };
		AE8B21162367F48000411C6A /* AllTheTime.app */ = {isa = PBXFileReference; explicitFileType = wrapper.application; includeInIndex = 0; path = AllTheTime.app; sourceTree = BUILT_PRODUCTS_DIR; };
		AE8B21192367F48000411C6A /* AppDelegate.swift */ = {isa = PBXFileReference; lastKnownFileType = sourcecode.swift; path = AppDelegate.swift; sourceTree = "<group>"; };
		AE8B211B2367F48000411C6A /* SceneDelegate.swift */ = {isa = PBXFileReference; lastKnownFileType = sourcecode.swift; path = SceneDelegate.swift; sourceTree = "<group>"; };
		AE8B211D2367F48000411C6A /* TimeTableViewController.swift */ = {isa = PBXFileReference; lastKnownFileType = sourcecode.swift; path = TimeTableViewController.swift; sourceTree = "<group>"; };
		AE8B21202367F48000411C6A /* Base */ = {isa = PBXFileReference; lastKnownFileType = file.storyboard; name = Base; path = Base.lproj/Main.storyboard; sourceTree = "<group>"; };
		AE8B21222367F48D00411C6A /* Assets.xcassets */ = {isa = PBXFileReference; lastKnownFileType = folder.assetcatalog; path = Assets.xcassets; sourceTree = "<group>"; };
		AE8B21252367F48D00411C6A /* Base */ = {isa = PBXFileReference; lastKnownFileType = file.storyboard; name = Base; path = Base.lproj/LaunchScreen.storyboard; sourceTree = "<group>"; };
		AE8B21272367F48D00411C6A /* Info.plist */ = {isa = PBXFileReference; lastKnownFileType = text.plist.xml; path = Info.plist; sourceTree = "<group>"; };
		AE8B21322368561100411C6A /* Default-568h@2x.png */ = {isa = PBXFileReference; lastKnownFileType = image.png; path = "Default-568h@2x.png"; sourceTree = "<group>"; };
		AEA7011A236EA675008580EC /* CalendarHeaderBlockView.xib */ = {isa = PBXFileReference; lastKnownFileType = file.xib; path = CalendarHeaderBlockView.xib; sourceTree = "<group>"; };
		AEA7011C236EA6B7008580EC /* CalendarHeaderBlockView.swift */ = {isa = PBXFileReference; lastKnownFileType = sourcecode.swift; path = CalendarHeaderBlockView.swift; sourceTree = "<group>"; };
		AEA7011E236EA907008580EC /* CalendarHeaderBlockViewModel.swift */ = {isa = PBXFileReference; lastKnownFileType = sourcecode.swift; path = CalendarHeaderBlockViewModel.swift; sourceTree = "<group>"; };
		AEA70120236EB45E008580EC /* DisplayDate.swift */ = {isa = PBXFileReference; lastKnownFileType = sourcecode.swift; path = DisplayDate.swift; sourceTree = "<group>"; };
		AEB3F002236D2ADE0011D8D3 /* PropertyKeys.swift */ = {isa = PBXFileReference; lastKnownFileType = sourcecode.swift; path = PropertyKeys.swift; sourceTree = "<group>"; };
		AEB3F004236D2E7D0011D8D3 /* URLRequest+initUsingAPI.swift */ = {isa = PBXFileReference; lastKnownFileType = sourcecode.swift; path = "URLRequest+initUsingAPI.swift"; sourceTree = "<group>"; };
		AEB3F006236D327D0011D8D3 /* NetworkRequest.swift */ = {isa = PBXFileReference; lastKnownFileType = sourcecode.swift; path = NetworkRequest.swift; sourceTree = "<group>"; };
		AEB3F008236D38DC0011D8D3 /* TimeTable.swift */ = {isa = PBXFileReference; lastKnownFileType = sourcecode.swift; path = TimeTable.swift; sourceTree = "<group>"; };
		AEB3F00A236D66420011D8D3 /* MemoViewController.swift */ = {isa = PBXFileReference; lastKnownFileType = sourcecode.swift; path = MemoViewController.swift; sourceTree = "<group>"; };
		AEB3F00C236D701A0011D8D3 /* Memo.swift */ = {isa = PBXFileReference; lastKnownFileType = sourcecode.swift; path = Memo.swift; sourceTree = "<group>"; };
		AEB3F00E236D748D0011D8D3 /* Date+fromString.swift */ = {isa = PBXFileReference; lastKnownFileType = sourcecode.swift; path = "Date+fromString.swift"; sourceTree = "<group>"; };
		AEB3F010236D96C00011D8D3 /* APIDataFetcher.swift */ = {isa = PBXFileReference; lastKnownFileType = sourcecode.swift; path = APIDataFetcher.swift; sourceTree = "<group>"; };
		AEB3F01A236DE7F50011D8D3 /* WeeklyCalendar.swift */ = {isa = PBXFileReference; fileEncoding = 4; lastKnownFileType = sourcecode.swift; name = WeeklyCalendar.swift; path = "AllTheTime/View Controllers/WeeklyCalendar.swift"; sourceTree = SOURCE_ROOT; };
		AEB3F01C236E54540011D8D3 /* UIColor+systemAppearanceBackground.swift */ = {isa = PBXFileReference; lastKnownFileType = sourcecode.swift; path = "UIColor+systemAppearanceBackground.swift"; sourceTree = "<group>"; };
		AEB3F01F236E5DE60011D8D3 /* CalendarBlockView.xib */ = {isa = PBXFileReference; lastKnownFileType = file.xib; path = CalendarBlockView.xib; sourceTree = "<group>"; };
		AEB3F023236E5ED50011D8D3 /* CalendarBlockView.swift */ = {isa = PBXFileReference; lastKnownFileType = sourcecode.swift; path = CalendarBlockView.swift; sourceTree = "<group>"; };
/* End PBXFileReference section */

/* Begin PBXFrameworksBuildPhase section */
		AE8B21132367F48000411C6A /* Frameworks */ = {
			isa = PBXFrameworksBuildPhase;
			buildActionMask = 2147483647;
			files = (
			);
			runOnlyForDeploymentPostprocessing = 0;
		};
/* End PBXFrameworksBuildPhase section */

/* Begin PBXGroup section */
		AE8B210D2367F48000411C6A = {
			isa = PBXGroup;
			children = (
				AE8B21182367F48000411C6A /* AllTheTime */,
				AE8B21172367F48000411C6A /* Products */,
			);
			sourceTree = "<group>";
		};
		AE8B21172367F48000411C6A /* Products */ = {
			isa = PBXGroup;
			children = (
				AE8B21162367F48000411C6A /* AllTheTime.app */,
			);
			name = Products;
			sourceTree = "<group>";
		};
		AE8B21182367F48000411C6A /* AllTheTime */ = {
			isa = PBXGroup;
			children = (
				AE8B2130236854E800411C6A /* Views */,
				AE8B212F236854E200411C6A /* View Controllers */,
				AE8B212E236854DE00411C6A /* View Models */,
				AE8B212D236854D500411C6A /* Models */,
				AEB3F015236D97CF0011D8D3 /* Controllers */,
				AEB3F014236D97890011D8D3 /* Info */,
				AEB3F013236D96E00011D8D3 /* Extensions */,
				AE8B2131236854ED00411C6A /* Other */,
			);
			path = AllTheTime;
			sourceTree = "<group>";
		};
		AE8B212D236854D500411C6A /* Models */ = {
			isa = PBXGroup;
			children = (
				AEB3F008236D38DC0011D8D3 /* TimeTable.swift */,
				AE366E2D23695E3500B39B99 /* Course.swift */,
				AEB3F00C236D701A0011D8D3 /* Memo.swift */,
			);
			path = Models;
			sourceTree = "<group>";
		};
		AE8B212E236854DE00411C6A /* View Models */ = {
			isa = PBXGroup;
			children = (
				AE366E2F23695E6700B39B99 /* CourseViewModel.swift */,
				AEA7011E236EA907008580EC /* CalendarHeaderBlockViewModel.swift */,
			);
			path = "View Models";
			sourceTree = "<group>";
		};
		AE8B212F236854E200411C6A /* View Controllers */ = {
			isa = PBXGroup;
			children = (
				AE8B211D2367F48000411C6A /* TimeTableViewController.swift */,
				AE35CB07236BD9F5008E33F3 /* SearchTableViewController.swift */,
				AE366E352369BED300B39B99 /* CourseDetailsViewController.swift */,
				AEB3F00A236D66420011D8D3 /* MemoViewController.swift */,
			);
			path = "View Controllers";
			sourceTree = "<group>";
		};
		AE8B2130236854E800411C6A /* Views */ = {
			isa = PBXGroup;
			children = (
				AEB3F01E236E5DBC0011D8D3 /* Calendar Block */,
				AEA70119236EA64A008580EC /* Calendar Header Block */,
				AE8B211F2367F48000411C6A /* Main.storyboard */,
				AE35CB09236BE45C008E33F3 /* SearchTableViewCell.swift */,
				AE64E18D2369CEF500F15FCE /* PaddedLabel.swift */,
			);
			path = Views;
			sourceTree = "<group>";
		};
		AE8B2131236854ED00411C6A /* Other */ = {
			isa = PBXGroup;
			children = (
				AE8B21192367F48000411C6A /* AppDelegate.swift */,
				AE8B211B2367F48000411C6A /* SceneDelegate.swift */,
				AE8B21222367F48D00411C6A /* Assets.xcassets */,
				AE8B21242367F48D00411C6A /* LaunchScreen.storyboard */,
				AE8B21272367F48D00411C6A /* Info.plist */,
				AE8B21322368561100411C6A /* Default-568h@2x.png */,
				AE35CB0D236BFA21008E33F3 /* README.md */,
			);
			path = Other;
			sourceTree = "<group>";
		};
		AEA70119236EA64A008580EC /* Calendar Header Block */ = {
			isa = PBXGroup;
			children = (
				AEA7011A236EA675008580EC /* CalendarHeaderBlockView.xib */,
				AEA7011C236EA6B7008580EC /* CalendarHeaderBlockView.swift */,
			);
			path = "Calendar Header Block";
			sourceTree = "<group>";
		};
		AEB3F013236D96E00011D8D3 /* Extensions */ = {
			isa = PBXGroup;
			children = (
				AEB3F004236D2E7D0011D8D3 /* URLRequest+initUsingAPI.swift */,
				AE366E312369A64800B39B99 /* HTTPURLResponse+statusMessage.swift */,
				AEB3F00E236D748D0011D8D3 /* Date+fromString.swift */,
				AEB3F01C236E54540011D8D3 /* UIColor+systemAppearanceBackground.swift */,
			);
			path = Extensions;
			sourceTree = "<group>";
		};
		AEB3F014236D97890011D8D3 /* Info */ = {
			isa = PBXGroup;
			children = (
				AE366E332369BB7400B39B99 /* GeneralError.swift */,
				AEB3F002236D2ADE0011D8D3 /* PropertyKeys.swift */,
			);
			path = Info;
			sourceTree = "<group>";
		};
		AEB3F015236D97CF0011D8D3 /* Controllers */ = {
			isa = PBXGroup;
			children = (
				AEB3F01A236DE7F50011D8D3 /* WeeklyCalendar.swift */,
				AEA70120236EB45E008580EC /* DisplayDate.swift */,
				AEB3F010236D96C00011D8D3 /* APIDataFetcher.swift */,
				AEB3F006236D327D0011D8D3 /* NetworkRequest.swift */,
			);
			path = Controllers;
			sourceTree = "<group>";
		};
		AEB3F01E236E5DBC0011D8D3 /* Calendar Block */ = {
			isa = PBXGroup;
			children = (
				AEB3F01F236E5DE60011D8D3 /* CalendarBlockView.xib */,
				AEB3F023236E5ED50011D8D3 /* CalendarBlockView.swift */,
			);
			path = "Calendar Block";
			sourceTree = "<group>";
		};
/* End PBXGroup section */

/* Begin PBXNativeTarget section */
		AE8B21152367F48000411C6A /* AllTheTime */ = {
			isa = PBXNativeTarget;
			buildConfigurationList = AE8B212A2367F48D00411C6A /* Build configuration list for PBXNativeTarget "AllTheTime" */;
			buildPhases = (
				AE8B21122367F48000411C6A /* Sources */,
				AE8B21132367F48000411C6A /* Frameworks */,
				AE8B21142367F48000411C6A /* Resources */,
			);
			buildRules = (
			);
			dependencies = (
			);
			name = AllTheTime;
			productName = AllTheTime;
			productReference = AE8B21162367F48000411C6A /* AllTheTime.app */;
			productType = "com.apple.product-type.application";
		};
/* End PBXNativeTarget section */

/* Begin PBXProject section */
		AE8B210E2367F48000411C6A /* Project object */ = {
			isa = PBXProject;
			attributes = {
				LastSwiftUpdateCheck = 1110;
				LastUpgradeCheck = 1110;
				ORGANIZATIONNAME = "Distant Labs";
				TargetAttributes = {
					AE8B21152367F48000411C6A = {
						CreatedOnToolsVersion = 11.1;
					};
				};
			};
			buildConfigurationList = AE8B21112367F48000411C6A /* Build configuration list for PBXProject "AllTheTime" */;
			compatibilityVersion = "Xcode 9.3";
			developmentRegion = en;
			hasScannedForEncodings = 0;
			knownRegions = (
				en,
				Base,
			);
			mainGroup = AE8B210D2367F48000411C6A;
			productRefGroup = AE8B21172367F48000411C6A /* Products */;
			projectDirPath = "";
			projectRoot = "";
			targets = (
				AE8B21152367F48000411C6A /* AllTheTime */,
			);
		};
/* End PBXProject section */

/* Begin PBXResourcesBuildPhase section */
		AE8B21142367F48000411C6A /* Resources */ = {
			isa = PBXResourcesBuildPhase;
			buildActionMask = 2147483647;
			files = (
				AE8B21262367F48D00411C6A /* LaunchScreen.storyboard in Resources */,
				AEB3F020236E5DE60011D8D3 /* CalendarBlockView.xib in Resources */,
				AEA7011B236EA675008580EC /* CalendarHeaderBlockView.xib in Resources */,
				AE8B21332368561100411C6A /* Default-568h@2x.png in Resources */,
				AE8B21232367F48D00411C6A /* Assets.xcassets in Resources */,
				AE8B21212367F48000411C6A /* Main.storyboard in Resources */,
			);
			runOnlyForDeploymentPostprocessing = 0;
		};
/* End PBXResourcesBuildPhase section */

/* Begin PBXSourcesBuildPhase section */
		AE8B21122367F48000411C6A /* Sources */ = {
			isa = PBXSourcesBuildPhase;
			buildActionMask = 2147483647;
			files = (
				AEB3F00B236D66420011D8D3 /* MemoViewController.swift in Sources */,
				AEB3F007236D327D0011D8D3 /* NetworkRequest.swift in Sources */,
				AEB3F009236D38DC0011D8D3 /* TimeTable.swift in Sources */,
				AE366E2E23695E3500B39B99 /* Course.swift in Sources */,
				AE8B211E2367F48000411C6A /* TimeTableViewController.swift in Sources */,
				AEB3F003236D2ADE0011D8D3 /* PropertyKeys.swift in Sources */,
				AEB3F024236E5ED50011D8D3 /* CalendarBlockView.swift in Sources */,
				AEA70121236EB45E008580EC /* DisplayDate.swift in Sources */,
				AEB3F01B236DE7F50011D8D3 /* WeeklyCalendar.swift in Sources */,
				AEB3F005236D2E7D0011D8D3 /* URLRequest+initUsingAPI.swift in Sources */,
				AE366E3023695E6700B39B99 /* CourseViewModel.swift in Sources */,
				AE8B211A2367F48000411C6A /* AppDelegate.swift in Sources */,
				AEA7011D236EA6B7008580EC /* CalendarHeaderBlockView.swift in Sources */,
				AEB3F011236D96C00011D8D3 /* APIDataFetcher.swift in Sources */,
				AE35CB0A236BE45C008E33F3 /* SearchTableViewCell.swift in Sources */,
				AEB3F01D236E54540011D8D3 /* UIColor+systemAppearanceBackground.swift in Sources */,
				AEB3F00F236D748D0011D8D3 /* Date+fromString.swift in Sources */,
				AEB3F00D236D701A0011D8D3 /* Memo.swift in Sources */,
				AE366E342369BB7400B39B99 /* GeneralError.swift in Sources */,
				AE366E322369A64800B39B99 /* HTTPURLResponse+statusMessage.swift in Sources */,
				AEA7011F236EA907008580EC /* CalendarHeaderBlockViewModel.swift in Sources */,
				AE64E18E2369CEF500F15FCE /* PaddedLabel.swift in Sources */,
				AE35CB08236BD9F5008E33F3 /* SearchTableViewController.swift in Sources */,
				AE366E362369BED300B39B99 /* CourseDetailsViewController.swift in Sources */,
				AE8B211C2367F48000411C6A /* SceneDelegate.swift in Sources */,
			);
			runOnlyForDeploymentPostprocessing = 0;
		};
/* End PBXSourcesBuildPhase section */

/* Begin PBXVariantGroup section */
		AE8B211F2367F48000411C6A /* Main.storyboard */ = {
			isa = PBXVariantGroup;
			children = (
				AE8B21202367F48000411C6A /* Base */,
			);
			name = Main.storyboard;
			sourceTree = "<group>";
		};
		AE8B21242367F48D00411C6A /* LaunchScreen.storyboard */ = {
			isa = PBXVariantGroup;
			children = (
				AE8B21252367F48D00411C6A /* Base */,
			);
			name = LaunchScreen.storyboard;
			sourceTree = "<group>";
		};
/* End PBXVariantGroup section */

/* Begin XCBuildConfiguration section */
		AE8B21282367F48D00411C6A /* Debug */ = {
			isa = XCBuildConfiguration;
			buildSettings = {
				ALWAYS_SEARCH_USER_PATHS = NO;
				CLANG_ANALYZER_NONNULL = YES;
				CLANG_ANALYZER_NUMBER_OBJECT_CONVERSION = YES_AGGRESSIVE;
				CLANG_CXX_LANGUAGE_STANDARD = "gnu++14";
				CLANG_CXX_LIBRARY = "libc++";
				CLANG_ENABLE_MODULES = YES;
				CLANG_ENABLE_OBJC_ARC = YES;
				CLANG_ENABLE_OBJC_WEAK = YES;
				CLANG_WARN_BLOCK_CAPTURE_AUTORELEASING = YES;
				CLANG_WARN_BOOL_CONVERSION = YES;
				CLANG_WARN_COMMA = YES;
				CLANG_WARN_CONSTANT_CONVERSION = YES;
				CLANG_WARN_DEPRECATED_OBJC_IMPLEMENTATIONS = YES;
				CLANG_WARN_DIRECT_OBJC_ISA_USAGE = YES_ERROR;
				CLANG_WARN_DOCUMENTATION_COMMENTS = YES;
				CLANG_WARN_EMPTY_BODY = YES;
				CLANG_WARN_ENUM_CONVERSION = YES;
				CLANG_WARN_INFINITE_RECURSION = YES;
				CLANG_WARN_INT_CONVERSION = YES;
				CLANG_WARN_NON_LITERAL_NULL_CONVERSION = YES;
				CLANG_WARN_OBJC_IMPLICIT_RETAIN_SELF = YES;
				CLANG_WARN_OBJC_LITERAL_CONVERSION = YES;
				CLANG_WARN_OBJC_ROOT_CLASS = YES_ERROR;
				CLANG_WARN_RANGE_LOOP_ANALYSIS = YES;
				CLANG_WARN_STRICT_PROTOTYPES = YES;
				CLANG_WARN_SUSPICIOUS_MOVE = YES;
				CLANG_WARN_UNGUARDED_AVAILABILITY = YES_AGGRESSIVE;
				CLANG_WARN_UNREACHABLE_CODE = YES;
				CLANG_WARN__DUPLICATE_METHOD_MATCH = YES;
				COPY_PHASE_STRIP = NO;
				DEBUG_INFORMATION_FORMAT = dwarf;
				ENABLE_STRICT_OBJC_MSGSEND = YES;
				ENABLE_TESTABILITY = YES;
				GCC_C_LANGUAGE_STANDARD = gnu11;
				GCC_DYNAMIC_NO_PIC = NO;
				GCC_NO_COMMON_BLOCKS = YES;
				GCC_OPTIMIZATION_LEVEL = 0;
				GCC_PREPROCESSOR_DEFINITIONS = (
					"DEBUG=1",
					"$(inherited)",
				);
				GCC_WARN_64_TO_32_BIT_CONVERSION = YES;
				GCC_WARN_ABOUT_RETURN_TYPE = YES_ERROR;
				GCC_WARN_UNDECLARED_SELECTOR = YES;
				GCC_WARN_UNINITIALIZED_AUTOS = YES_AGGRESSIVE;
				GCC_WARN_UNUSED_FUNCTION = YES;
				GCC_WARN_UNUSED_VARIABLE = YES;
				IPHONEOS_DEPLOYMENT_TARGET = 9.0;
				MTL_ENABLE_DEBUG_INFO = INCLUDE_SOURCE;
				MTL_FAST_MATH = YES;
				ONLY_ACTIVE_ARCH = YES;
				SDKROOT = iphoneos;
				SWIFT_ACTIVE_COMPILATION_CONDITIONS = DEBUG;
				SWIFT_OPTIMIZATION_LEVEL = "-Onone";
			};
			name = Debug;
		};
		AE8B21292367F48D00411C6A /* Release */ = {
			isa = XCBuildConfiguration;
			buildSettings = {
				ALWAYS_SEARCH_USER_PATHS = NO;
				CLANG_ANALYZER_NONNULL = YES;
				CLANG_ANALYZER_NUMBER_OBJECT_CONVERSION = YES_AGGRESSIVE;
				CLANG_CXX_LANGUAGE_STANDARD = "gnu++14";
				CLANG_CXX_LIBRARY = "libc++";
				CLANG_ENABLE_MODULES = YES;
				CLANG_ENABLE_OBJC_ARC = YES;
				CLANG_ENABLE_OBJC_WEAK = YES;
				CLANG_WARN_BLOCK_CAPTURE_AUTORELEASING = YES;
				CLANG_WARN_BOOL_CONVERSION = YES;
				CLANG_WARN_COMMA = YES;
				CLANG_WARN_CONSTANT_CONVERSION = YES;
				CLANG_WARN_DEPRECATED_OBJC_IMPLEMENTATIONS = YES;
				CLANG_WARN_DIRECT_OBJC_ISA_USAGE = YES_ERROR;
				CLANG_WARN_DOCUMENTATION_COMMENTS = YES;
				CLANG_WARN_EMPTY_BODY = YES;
				CLANG_WARN_ENUM_CONVERSION = YES;
				CLANG_WARN_INFINITE_RECURSION = YES;
				CLANG_WARN_INT_CONVERSION = YES;
				CLANG_WARN_NON_LITERAL_NULL_CONVERSION = YES;
				CLANG_WARN_OBJC_IMPLICIT_RETAIN_SELF = YES;
				CLANG_WARN_OBJC_LITERAL_CONVERSION = YES;
				CLANG_WARN_OBJC_ROOT_CLASS = YES_ERROR;
				CLANG_WARN_RANGE_LOOP_ANALYSIS = YES;
				CLANG_WARN_STRICT_PROTOTYPES = YES;
				CLANG_WARN_SUSPICIOUS_MOVE = YES;
				CLANG_WARN_UNGUARDED_AVAILABILITY = YES_AGGRESSIVE;
				CLANG_WARN_UNREACHABLE_CODE = YES;
				CLANG_WARN__DUPLICATE_METHOD_MATCH = YES;
				COPY_PHASE_STRIP = NO;
				DEBUG_INFORMATION_FORMAT = "dwarf-with-dsym";
				ENABLE_NS_ASSERTIONS = NO;
				ENABLE_STRICT_OBJC_MSGSEND = YES;
				GCC_C_LANGUAGE_STANDARD = gnu11;
				GCC_NO_COMMON_BLOCKS = YES;
				GCC_WARN_64_TO_32_BIT_CONVERSION = YES;
				GCC_WARN_ABOUT_RETURN_TYPE = YES_ERROR;
				GCC_WARN_UNDECLARED_SELECTOR = YES;
				GCC_WARN_UNINITIALIZED_AUTOS = YES_AGGRESSIVE;
				GCC_WARN_UNUSED_FUNCTION = YES;
				GCC_WARN_UNUSED_VARIABLE = YES;
				IPHONEOS_DEPLOYMENT_TARGET = 9.0;
				MTL_ENABLE_DEBUG_INFO = NO;
				MTL_FAST_MATH = YES;
				SDKROOT = iphoneos;
				SWIFT_COMPILATION_MODE = wholemodule;
				SWIFT_OPTIMIZATION_LEVEL = "-O";
				VALIDATE_PRODUCT = YES;
			};
			name = Release;
		};
		AE8B212B2367F48D00411C6A /* Debug */ = {
			isa = XCBuildConfiguration;
			buildSettings = {
				ASSETCATALOG_COMPILER_APPICON_NAME = AppIcon;
				CODE_SIGN_STYLE = Automatic;
				CURRENT_PROJECT_VERSION = 1;
				DEVELOPMENT_TEAM = V7WZHBVH5B;
				INFOPLIST_FILE = AllTheTime/Other/Info.plist;
				LD_RUNPATH_SEARCH_PATHS = (
					"$(inherited)",
					"@executable_path/Frameworks",
				);
				MARKETING_VERSION = 1.0.0;
				PRODUCT_BUNDLE_IDENTIFIER = com.distantlabs.AllTheTime;
				PRODUCT_NAME = "$(TARGET_NAME)";
				SWIFT_VERSION = 5.0;
				TARGETED_DEVICE_FAMILY = "1,2";
			};
			name = Debug;
		};
		AE8B212C2367F48D00411C6A /* Release */ = {
			isa = XCBuildConfiguration;
			buildSettings = {
				ASSETCATALOG_COMPILER_APPICON_NAME = AppIcon;
				CODE_SIGN_STYLE = Automatic;
				CURRENT_PROJECT_VERSION = 1;
				DEVELOPMENT_TEAM = V7WZHBVH5B;
				INFOPLIST_FILE = AllTheTime/Other/Info.plist;
				LD_RUNPATH_SEARCH_PATHS = (
					"$(inherited)",
					"@executable_path/Frameworks",
				);
				MARKETING_VERSION = 1.0.0;
				PRODUCT_BUNDLE_IDENTIFIER = com.distantlabs.AllTheTime;
				PRODUCT_NAME = "$(TARGET_NAME)";
				SWIFT_VERSION = 5.0;
				TARGETED_DEVICE_FAMILY = "1,2";
			};
			name = Release;
		};
/* End XCBuildConfiguration section */

/* Begin XCConfigurationList section */
		AE8B21112367F48000411C6A /* Build configuration list for PBXProject "AllTheTime" */ = {
			isa = XCConfigurationList;
			buildConfigurations = (
				AE8B21282367F48D00411C6A /* Debug */,
				AE8B21292367F48D00411C6A /* Release */,
			);
			defaultConfigurationIsVisible = 0;
			defaultConfigurationName = Release;
		};
		AE8B212A2367F48D00411C6A /* Build configuration list for PBXNativeTarget "AllTheTime" */ = {
			isa = XCConfigurationList;
			buildConfigurations = (
				AE8B212B2367F48D00411C6A /* Debug */,
				AE8B212C2367F48D00411C6A /* Release */,
			);
			defaultConfigurationIsVisible = 0;
			defaultConfigurationName = Release;
		};
/* End XCConfigurationList section */
	};
	rootObject = AE8B210E2367F48000411C6A /* Project object */;
}
